Microsoft Visual Studio Solution File, Format Version 12.00
# Visual Studio Version 17
VisualStudioVersion = 17.5.2.0
MinimumVisualStudioVersion = 10.0.40219.1
Project("{FAE04EC0-301F-11D3-BF4B-00C04F79EFBC}") = "InvoiceApp", "InvoiceApp\InvoiceApp.csproj", "{B81D5CC7-9C1D-5F5B-AB2D-0E11AC055116}"
EndProject
Global
	GlobalSection(SolutionConfigurationPlatforms) = preSolution
		Debug|Any CPU = Debug|Any CPU
		Release|Any CPU = Release|Any CPU
	EndGlobalSection
	GlobalSection(ProjectConfigurationPlatforms) = postSolution
		{B81D5CC7-9C1D-5F5B-AB2D-0E11AC055116}.Debug|Any CPU.ActiveCfg = Debug|Any CPU
		{B81D5CC7-9C1D-5F5B-AB2D-0E11AC055116}.Debug|Any CPU.Build.0 = Debug|Any CPU
		{B81D5CC7-9C1D-5F5B-AB2D-0E11AC055116}.Release|Any CPU.ActiveCfg = Release|Any CPU
		{B81D5CC7-9C1D-5F5B-AB2D-0E11AC055116}.Release|Any CPU.Build.0 = Release|Any CPU
	EndGlobalSection
	GlobalSection(SolutionProperties) = preSolution
		HideSolutionNode = FALSE
	EndGlobalSection
	GlobalSection(ExtensibilityGlobals) = postSolution
		SolutionGuid = {E512AC45-346C-4B78-8846-F95E4AEB6DA9}
	EndGlobalSection
EndGlobal
